
Microsoft Visual Studio Solution File, Format Version 12.00
# Visual Studio Version 17
VisualStudioVersion = 17.11.35303.130
MinimumVisualStudioVersion = 10.0.40219.1
Project("{FAE04EC0-301F-11D3-BF4B-00C04F79EFBC}") = "ProgramaReservasVuelos", "ProgramaReservasVuelos.csproj", "{6DFB4439-0F28-4294-BE1A-6EF5A8804383}"
EndProject
Global
	GlobalSection(SolutionConfigurationPlatforms) = preSolution
		Debug|Any CPU = Debug|Any CPU
		Release|Any CPU = Release|Any CPU
	EndGlobalSection
	GlobalSection(ProjectConfigurationPlatforms) = postSolution
		{6DFB4439-0F28-4294-BE1A-6EF5A8804383}.Debug|Any CPU.ActiveCfg = Debug|Any CPU
		{6DFB4439-0F28-4294-BE1A-6EF5A8804383}.Debug|Any CPU.Build.0 = Debug|Any CPU
		{6DFB4439-0F28-4294-BE1A-6EF5A8804383}.Release|Any CPU.ActiveCfg = Release|Any CPU
		{6DFB4439-0F28-4294-BE1A-6EF5A8804383}.Release|Any CPU.Build.0 = Release|Any CPU
	EndGlobalSection
	GlobalSection(SolutionProperties) = preSolution
		HideSolutionNode = FALSE
	EndGlobalSection
	GlobalSection(ExtensibilityGlobals) = postSolution
		SolutionGuid = {D8176DC9-1E7E-4A1A-B90C-8CDF76FF8C22}
	EndGlobalSection
EndGlobal
